
Microsoft Visual Studio Solution File, Format Version 12.00
# Visual Studio Version 16
VisualStudioVersion = 16.0.31129.286
MinimumVisualStudioVersion = 10.0.40219.1
Project("{FAE04EC0-301F-11D3-BF4B-00C04F79EFBC}") = "MemoryGame", "MemoryGame\MemoryGame.csproj", "{43A3C66F-8FC7-482E-87D5-33AFED6239B3}"
EndProject
Global
	GlobalSection(SolutionConfigurationPlatforms) = preSolution
		Debug|Any CPU = Debug|Any CPU
		Release|Any CPU = Release|Any CPU
	EndGlobalSection
	GlobalSection(ProjectConfigurationPlatforms) = postSolution
		{43A3C66F-8FC7-482E-87D5-33AFED6239B3}.Debug|Any CPU.ActiveCfg = Debug|Any CPU
		{43A3C66F-8FC7-482E-87D5-33AFED6239B3}.Debug|Any CPU.Build.0 = Debug|Any CPU
		{43A3C66F-8FC7-482E-87D5-33AFED6239B3}.Release|Any CPU.ActiveCfg = Release|Any CPU
		{43A3C66F-8FC7-482E-87D5-33AFED6239B3}.Release|Any CPU.Build.0 = Release|Any CPU
	EndGlobalSection
	GlobalSection(SolutionProperties) = preSolution
		HideSolutionNode = FALSE
	EndGlobalSection
	GlobalSection(ExtensibilityGlobals) = postSolution
		SolutionGuid = {B62E2F90-629A-497F-BDD1-2851021E0109}
	EndGlobalSection
EndGlobal
